
Microsoft Visual Studio Solution File, Format Version 12.00
# Visual Studio 2012
Project("{2150E333-8FDC-42A3-9474-1A3956D46DE8}") = "Original", "Original", "{EF86A0AF-E157-4809-B305-A2D15BF0766B}"
	ProjectSection(SolutionItems) = preProject
		..\..\Original\analytics.graphics.zip = ..\..\Original\analytics.graphics.zip
		..\..\Original\app.zip = ..\..\Original\app.zip
		..\..\Original\raphael.js = ..\..\Original\raphael.js
	EndProjectSection
EndProject
Project("{FAE04EC0-301F-11D3-BF4B-00C04F79EFBC}") = "VisualProject", "VisualProject\VisualProject.csproj", "{EB8D0F45-CE5F-4B04-AED8-B61C0355A8B5}"
EndProject
Global
	GlobalSection(SolutionConfigurationPlatforms) = preSolution
		Debug|Any CPU = Debug|Any CPU
		Release|Any CPU = Release|Any CPU
	EndGlobalSection
	GlobalSection(ProjectConfigurationPlatforms) = postSolution
		{EB8D0F45-CE5F-4B04-AED8-B61C0355A8B5}.Debug|Any CPU.ActiveCfg = Debug|Any CPU
		{EB8D0F45-CE5F-4B04-AED8-B61C0355A8B5}.Debug|Any CPU.Build.0 = Debug|Any CPU
		{EB8D0F45-CE5F-4B04-AED8-B61C0355A8B5}.Release|Any CPU.ActiveCfg = Release|Any CPU
		{EB8D0F45-CE5F-4B04-AED8-B61C0355A8B5}.Release|Any CPU.Build.0 = Release|Any CPU
	EndGlobalSection
	GlobalSection(SolutionProperties) = preSolution
		HideSolutionNode = FALSE
	EndGlobalSection
EndGlobal
